
Microsoft Visual Studio Solution File, Format Version 12.00
# Visual Studio Version 17
VisualStudioVersion = 17.0.32014.148
MinimumVisualStudioVersion = 10.0.40219.1
Project("{FAE04EC0-301F-11D3-BF4B-00C04F79EFBC}") = "Recruitis", "Recruitis\Recruitis.csproj", "{4D72A519-3C3B-448C-916A-EB9009827684}"
EndProject
Global
	GlobalSection(SolutionConfigurationPlatforms) = preSolution
		Debug|Any CPU = Debug|Any CPU
		Release|Any CPU = Release|Any CPU
	EndGlobalSection
	GlobalSection(ProjectConfigurationPlatforms) = postSolution
		{4D72A519-3C3B-448C-916A-EB9009827684}.Debug|Any CPU.ActiveCfg = Debug|Any CPU
		{4D72A519-3C3B-448C-916A-EB9009827684}.Debug|Any CPU.Build.0 = Debug|Any CPU
		{4D72A519-3C3B-448C-916A-EB9009827684}.Release|Any CPU.ActiveCfg = Release|Any CPU
		{4D72A519-3C3B-448C-916A-EB9009827684}.Release|Any CPU.Build.0 = Release|Any CPU
	EndGlobalSection
	GlobalSection(SolutionProperties) = preSolution
		HideSolutionNode = FALSE
	EndGlobalSection
	GlobalSection(ExtensibilityGlobals) = postSolution
		SolutionGuid = {D8997AD3-F125-4138-A007-F0976F65DD3F}
	EndGlobalSection
EndGlobal
